// !$*UTF8*$!
{
	archiveVersion = 1;
	classes = {
	};
	objectVersion = 46;
	objects = {

/* Begin PBXBuildFile section */
		45124DFA1DC510A7005854B1 /* RealmFood.swift in Sources */ = {isa = PBXBuildFile; fileRef = 45124DF91DC510A7005854B1 /* RealmFood.swift */; };
		45366A031DBEEFFA00E1974B /* FTHAddChildViewController.swift in Sources */ = {isa = PBXBuildFile; fileRef = 45366A021DBEEFFA00E1974B /* FTHAddChildViewController.swift */; };
		453D5C121DC4ABF30077F26F /* FTHConfirmationViewController.swift in Sources */ = {isa = PBXBuildFile; fileRef = 453D5C111DC4ABF30077F26F /* FTHConfirmationViewController.swift */; };
		45731A7B1DC38462004442F3 /* BestBeforeDate.swift in Sources */ = {isa = PBXBuildFile; fileRef = 45731A7A1DC38462004442F3 /* BestBeforeDate.swift */; };
		45FC27021DBB569500E4C333 /* AppDelegate.swift in Sources */ = {isa = PBXBuildFile; fileRef = 45FC27011DBB569500E4C333 /* AppDelegate.swift */; };
		45FC27041DBB569500E4C333 /* ViewController.swift in Sources */ = {isa = PBXBuildFile; fileRef = 45FC27031DBB569500E4C333 /* ViewController.swift */; };
		45FC27071DBB569500E4C333 /* Main.storyboard in Resources */ = {isa = PBXBuildFile; fileRef = 45FC27051DBB569500E4C333 /* Main.storyboard */; };
		45FC270A1DBB569500E4C333 /* FTHFoodTechHack.xcdatamodeld in Sources */ = {isa = PBXBuildFile; fileRef = 45FC27081DBB569500E4C333 /* FTHFoodTechHack.xcdatamodeld */; };
		45FC270C1DBB569500E4C333 /* Assets.xcassets in Resources */ = {isa = PBXBuildFile; fileRef = 45FC270B1DBB569500E4C333 /* Assets.xcassets */; };
		45FC270F1DBB569500E4C333 /* LaunchScreen.storyboard in Resources */ = {isa = PBXBuildFile; fileRef = 45FC270D1DBB569500E4C333 /* LaunchScreen.storyboard */; };
		45FC271A1DBB569500E4C333 /* FTHFoodTechHackTests.swift in Sources */ = {isa = PBXBuildFile; fileRef = 45FC27191DBB569500E4C333 /* FTHFoodTechHackTests.swift */; };
		45FC27251DBB569500E4C333 /* FTHFoodTechHackUITests.swift in Sources */ = {isa = PBXBuildFile; fileRef = 45FC27241DBB569500E4C333 /* FTHFoodTechHackUITests.swift */; };
		45FC27371DBB7B6A00E4C333 /* FTHSeeUIViewController.swift in Sources */ = {isa = PBXBuildFile; fileRef = 45FC27361DBB7B6A00E4C333 /* FTHSeeUIViewController.swift */; };
		45FC27391DBC472600E4C333 /* FTHRefrigeratorModel.swift in Sources */ = {isa = PBXBuildFile; fileRef = 45FC27381DBC472600E4C333 /* FTHRefrigeratorModel.swift */; };
		45FC273B1DBC4F2F00E4C333 /* FTHAddViewController.swift in Sources */ = {isa = PBXBuildFile; fileRef = 45FC273A1DBC4F2F00E4C333 /* FTHAddViewController.swift */; };
		45FC273D1DBC51D400E4C333 /* FTHRecommendViewController.swift in Sources */ = {isa = PBXBuildFile; fileRef = 45FC273C1DBC51D400E4C333 /* FTHRecommendViewController.swift */; };
		45FC273F1DBC52D600E4C333 /* FTHFoodModel.swift in Sources */ = {isa = PBXBuildFile; fileRef = 45FC273E1DBC52D600E4C333 /* FTHFoodModel.swift */; };
		45FC27411DBCC0D100E4C333 /* Realm.framework in Frameworks */ = {isa = PBXBuildFile; fileRef = 45FC27401DBCC0D100E4C333 /* Realm.framework */; settings = {ATTRIBUTES = (Weak, ); }; };
		45FC27431DBCC11E00E4C333 /* RealmSwift.framework in Frameworks */ = {isa = PBXBuildFile; fileRef = 45FC27421DBCC11E00E4C333 /* RealmSwift.framework */; settings = {ATTRIBUTES = (Weak, ); }; };
		45FC27451DBCC53B00E4C333 /* RealmSwift.framework in Embed Frameworks */ = {isa = PBXBuildFile; fileRef = 45FC27421DBCC11E00E4C333 /* RealmSwift.framework */; settings = {ATTRIBUTES = (CodeSignOnCopy, RemoveHeadersOnCopy, ); }; };
		45FC27481DBCC54600E4C333 /* Realm.framework in Embed Frameworks */ = {isa = PBXBuildFile; fileRef = 45FC27401DBCC0D100E4C333 /* Realm.framework */; settings = {ATTRIBUTES = (CodeSignOnCopy, RemoveHeadersOnCopy, ); }; };
		46DC79431DC4FA45003D0CDD /* BestBeforeDate.swift in Sources */ = {isa = PBXBuildFile; fileRef = 46D01AB21DC1D45F00775C94 /* BestBeforeDate.swift */; };
		81D4F7FBF36B0E8D66C7A5A4 /* Pods_FTHFoodTechHackUITests.framework in Frameworks */ = {isa = PBXBuildFile; fileRef = E62BE4E7094A7502C21BA07B /* Pods_FTHFoodTechHackUITests.framework */; };
		868FB2989522C9E01BF309F9 /* Pods_FTHFoodTechHackTests.framework in Frameworks */ = {isa = PBXBuildFile; fileRef = DC3303515FD8507C746B47E8 /* Pods_FTHFoodTechHackTests.framework */; };
		C8DCE18277A91EA5A77B85F9 /* Pods_FTHFoodTechHack.framework in Frameworks */ = {isa = PBXBuildFile; fileRef = BDC1551EAFD06720EDA62F7A /* Pods_FTHFoodTechHack.framework */; };
/* End PBXBuildFile section */

/* Begin PBXContainerItemProxy section */
		45FC27161DBB569500E4C333 /* PBXContainerItemProxy */ = {
			isa = PBXContainerItemProxy;
			containerPortal = 45FC26F61DBB569400E4C333 /* Project object */;
			proxyType = 1;
			remoteGlobalIDString = 45FC26FD1DBB569400E4C333;
			remoteInfo = FTHFoodTechHack;
		};
		45FC27211DBB569500E4C333 /* PBXContainerItemProxy */ = {
			isa = PBXContainerItemProxy;
			containerPortal = 45FC26F61DBB569400E4C333 /* Project object */;
			proxyType = 1;
			remoteGlobalIDString = 45FC26FD1DBB569400E4C333;
			remoteInfo = FTHFoodTechHack;
		};
/* End PBXContainerItemProxy section */

/* Begin PBXCopyFilesBuildPhase section */
		45FC27461DBCC53C00E4C333 /* Embed Frameworks */ = {
			isa = PBXCopyFilesBuildPhase;
			buildActionMask = 8;
			dstPath = "";
			dstSubfolderSpec = 10;
			files = (
				45FC27481DBCC54600E4C333 /* Realm.framework in Embed Frameworks */,
				45FC27451DBCC53B00E4C333 /* RealmSwift.framework in Embed Frameworks */,
			);
			name = "Embed Frameworks";
			runOnlyForDeploymentPostprocessing = 1;
		};
/* End PBXCopyFilesBuildPhase section */

/* Begin PBXFileReference section */
		1DB872D551CC6EDCDF337A95 /* Pods-FTHFoodTechHackUITests.debug.xcconfig */ = {isa = PBXFileReference; includeInIndex = 1; lastKnownFileType = text.xcconfig; name = "Pods-FTHFoodTechHackUITests.debug.xcconfig"; path = "Pods/Target Support Files/Pods-FTHFoodTechHackUITests/Pods-FTHFoodTechHackUITests.debug.xcconfig"; sourceTree = "<group>"; };
		1EC088FD278CFDBDA171FCB0 /* Pods-FTHFoodTechHack.release.xcconfig */ = {isa = PBXFileReference; includeInIndex = 1; lastKnownFileType = text.xcconfig; name = "Pods-FTHFoodTechHack.release.xcconfig"; path = "Pods/Target Support Files/Pods-FTHFoodTechHack/Pods-FTHFoodTechHack.release.xcconfig"; sourceTree = "<group>"; };
		45124DF91DC510A7005854B1 /* RealmFood.swift */ = {isa = PBXFileReference; fileEncoding = 4; lastKnownFileType = sourcecode.swift; path = RealmFood.swift; sourceTree = "<group>"; };
		45366A021DBEEFFA00E1974B /* FTHAddChildViewController.swift */ = {isa = PBXFileReference; fileEncoding = 4; lastKnownFileType = sourcecode.swift; path = FTHAddChildViewController.swift; sourceTree = "<group>"; };
		453D5C111DC4ABF30077F26F /* FTHConfirmationViewController.swift */ = {isa = PBXFileReference; fileEncoding = 4; lastKnownFileType = sourcecode.swift; path = FTHConfirmationViewController.swift; sourceTree = "<group>"; };
		45731A7A1DC38462004442F3 /* BestBeforeDate.swift */ = {isa = PBXFileReference; lastKnownFileType = sourcecode.swift; path = BestBeforeDate.swift; sourceTree = "<group>"; };
		45FC26FE1DBB569500E4C333 /* FTHFoodTechHack.app */ = {isa = PBXFileReference; explicitFileType = wrapper.application; includeInIndex = 0; path = FTHFoodTechHack.app; sourceTree = BUILT_PRODUCTS_DIR; };
		45FC27011DBB569500E4C333 /* AppDelegate.swift */ = {isa = PBXFileReference; lastKnownFileType = sourcecode.swift; path = AppDelegate.swift; sourceTree = "<group>"; };
		45FC27031DBB569500E4C333 /* ViewController.swift */ = {isa = PBXFileReference; lastKnownFileType = sourcecode.swift; path = ViewController.swift; sourceTree = "<group>"; };
		45FC27061DBB569500E4C333 /* Base */ = {isa = PBXFileReference; lastKnownFileType = file.storyboard; name = Base; path = Base.lproj/Main.storyboard; sourceTree = "<group>"; };
		45FC27091DBB569500E4C333 /* FTHFoodTechHack.xcdatamodel */ = {isa = PBXFileReference; lastKnownFileType = wrapper.xcdatamodel; path = FTHFoodTechHack.xcdatamodel; sourceTree = "<group>"; };
		45FC270B1DBB569500E4C333 /* Assets.xcassets */ = {isa = PBXFileReference; lastKnownFileType = folder.assetcatalog; path = Assets.xcassets; sourceTree = "<group>"; };
		45FC270E1DBB569500E4C333 /* Base */ = {isa = PBXFileReference; lastKnownFileType = file.storyboard; name = Base; path = Base.lproj/LaunchScreen.storyboard; sourceTree = "<group>"; };
		45FC27101DBB569500E4C333 /* Info.plist */ = {isa = PBXFileReference; lastKnownFileType = text.plist.xml; path = Info.plist; sourceTree = "<group>"; };
		45FC27151DBB569500E4C333 /* FTHFoodTechHackTests.xctest */ = {isa = PBXFileReference; explicitFileType = wrapper.cfbundle; includeInIndex = 0; path = FTHFoodTechHackTests.xctest; sourceTree = BUILT_PRODUCTS_DIR; };
		45FC27191DBB569500E4C333 /* FTHFoodTechHackTests.swift */ = {isa = PBXFileReference; lastKnownFileType = sourcecode.swift; path = FTHFoodTechHackTests.swift; sourceTree = "<group>"; };
		45FC271B1DBB569500E4C333 /* Info.plist */ = {isa = PBXFileReference; lastKnownFileType = text.plist.xml; path = Info.plist; sourceTree = "<group>"; };
		45FC27201DBB569500E4C333 /* FTHFoodTechHackUITests.xctest */ = {isa = PBXFileReference; explicitFileType = wrapper.cfbundle; includeInIndex = 0; path = FTHFoodTechHackUITests.xctest; sourceTree = BUILT_PRODUCTS_DIR; };
		45FC27241DBB569500E4C333 /* FTHFoodTechHackUITests.swift */ = {isa = PBXFileReference; lastKnownFileType = sourcecode.swift; path = FTHFoodTechHackUITests.swift; sourceTree = "<group>"; };
		45FC27261DBB569500E4C333 /* Info.plist */ = {isa = PBXFileReference; lastKnownFileType = text.plist.xml; path = Info.plist; sourceTree = "<group>"; };
		45FC27361DBB7B6A00E4C333 /* FTHSeeUIViewController.swift */ = {isa = PBXFileReference; fileEncoding = 4; lastKnownFileType = sourcecode.swift; path = FTHSeeUIViewController.swift; sourceTree = "<group>"; };
		45FC27381DBC472600E4C333 /* FTHRefrigeratorModel.swift */ = {isa = PBXFileReference; fileEncoding = 4; lastKnownFileType = sourcecode.swift; path = FTHRefrigeratorModel.swift; sourceTree = "<group>"; };
		45FC273A1DBC4F2F00E4C333 /* FTHAddViewController.swift */ = {isa = PBXFileReference; fileEncoding = 4; lastKnownFileType = sourcecode.swift; path = FTHAddViewController.swift; sourceTree = "<group>"; };
		45FC273C1DBC51D400E4C333 /* FTHRecommendViewController.swift */ = {isa = PBXFileReference; fileEncoding = 4; lastKnownFileType = sourcecode.swift; path = FTHRecommendViewController.swift; sourceTree = "<group>"; };
		45FC273E1DBC52D600E4C333 /* FTHFoodModel.swift */ = {isa = PBXFileReference; fileEncoding = 4; lastKnownFileType = sourcecode.swift; path = FTHFoodModel.swift; sourceTree = "<group>"; };
		45FC27401DBCC0D100E4C333 /* Realm.framework */ = {isa = PBXFileReference; lastKnownFileType = wrapper.framework; path = Realm.framework; sourceTree = "<group>"; };
		45FC27421DBCC11E00E4C333 /* RealmSwift.framework */ = {isa = PBXFileReference; lastKnownFileType = wrapper.framework; path = RealmSwift.framework; sourceTree = "<group>"; };
		4684D13C1DC47E2B00684668 /* MyPlayground.playground */ = {isa = PBXFileReference; lastKnownFileType = file.playground; path = MyPlayground.playground; sourceTree = "<group>"; };
		46D01AB21DC1D45F00775C94 /* BestBeforeDate.swift */ = {isa = PBXFileReference; fileEncoding = 4; lastKnownFileType = sourcecode.swift; path = BestBeforeDate.swift; sourceTree = "<group>"; };
		97A4A03148608FDBECEB2BFA /* Pods-FTHFoodTechHackUITests.release.xcconfig */ = {isa = PBXFileReference; includeInIndex = 1; lastKnownFileType = text.xcconfig; name = "Pods-FTHFoodTechHackUITests.release.xcconfig"; path = "Pods/Target Support Files/Pods-FTHFoodTechHackUITests/Pods-FTHFoodTechHackUITests.release.xcconfig"; sourceTree = "<group>"; };
		A8340AF54E6110FA8B4A79F0 /* Pods-FTHFoodTechHackTests.debug.xcconfig */ = {isa = PBXFileReference; includeInIndex = 1; lastKnownFileType = text.xcconfig; name = "Pods-FTHFoodTechHackTests.debug.xcconfig"; path = "Pods/Target Support Files/Pods-FTHFoodTechHackTests/Pods-FTHFoodTechHackTests.debug.xcconfig"; sourceTree = "<group>"; };
		BDC1551EAFD06720EDA62F7A /* Pods_FTHFoodTechHack.framework */ = {isa = PBXFileReference; explicitFileType = wrapper.framework; includeInIndex = 0; path = Pods_FTHFoodTechHack.framework; sourceTree = BUILT_PRODUCTS_DIR; };
		DA35D939A76A17702AACFCEA /* Pods-FTHFoodTechHackTests.release.xcconfig */ = {isa = PBXFileReference; includeInIndex = 1; lastKnownFileType = text.xcconfig; name = "Pods-FTHFoodTechHackTests.release.xcconfig"; path = "Pods/Target Support Files/Pods-FTHFoodTechHackTests/Pods-FTHFoodTechHackTests.release.xcconfig"; sourceTree = "<group>"; };
		DC3303515FD8507C746B47E8 /* Pods_FTHFoodTechHackTests.framework */ = {isa = PBXFileReference; explicitFileType = wrapper.framework; includeInIndex = 0; path = Pods_FTHFoodTechHackTests.framework; sourceTree = BUILT_PRODUCTS_DIR; };
		E62BE4E7094A7502C21BA07B /* Pods_FTHFoodTechHackUITests.framework */ = {isa = PBXFileReference; explicitFileType = wrapper.framework; includeInIndex = 0; path = Pods_FTHFoodTechHackUITests.framework; sourceTree = BUILT_PRODUCTS_DIR; };
		FF7B56E898441DC5893CA2EB /* Pods-FTHFoodTechHack.debug.xcconfig */ = {isa = PBXFileReference; includeInIndex = 1; lastKnownFileType = text.xcconfig; name = "Pods-FTHFoodTechHack.debug.xcconfig"; path = "Pods/Target Support Files/Pods-FTHFoodTechHack/Pods-FTHFoodTechHack.debug.xcconfig"; sourceTree = "<group>"; };
/* End PBXFileReference section */

/* Begin PBXFrameworksBuildPhase section */
		45FC26FB1DBB569400E4C333 /* Frameworks */ = {
			isa = PBXFrameworksBuildPhase;
			buildActionMask = 2147483647;
			files = (
				45FC27431DBCC11E00E4C333 /* RealmSwift.framework in Frameworks */,
				45FC27411DBCC0D100E4C333 /* Realm.framework in Frameworks */,
				C8DCE18277A91EA5A77B85F9 /* Pods_FTHFoodTechHack.framework in Frameworks */,
			);
			runOnlyForDeploymentPostprocessing = 0;
		};
		45FC27121DBB569500E4C333 /* Frameworks */ = {
			isa = PBXFrameworksBuildPhase;
			buildActionMask = 2147483647;
			files = (
				868FB2989522C9E01BF309F9 /* Pods_FTHFoodTechHackTests.framework in Frameworks */,
			);
			runOnlyForDeploymentPostprocessing = 0;
		};
		45FC271D1DBB569500E4C333 /* Frameworks */ = {
			isa = PBXFrameworksBuildPhase;
			buildActionMask = 2147483647;
			files = (
				81D4F7FBF36B0E8D66C7A5A4 /* Pods_FTHFoodTechHackUITests.framework in Frameworks */,
			);
			runOnlyForDeploymentPostprocessing = 0;
		};
/* End PBXFrameworksBuildPhase section */

/* Begin PBXGroup section */
		1540B034449F35BB00E005A1 /* Frameworks */ = {
			isa = PBXGroup;
			children = (
				BDC1551EAFD06720EDA62F7A /* Pods_FTHFoodTechHack.framework */,
				DC3303515FD8507C746B47E8 /* Pods_FTHFoodTechHackTests.framework */,
				E62BE4E7094A7502C21BA07B /* Pods_FTHFoodTechHackUITests.framework */,
			);
			name = Frameworks;
			sourceTree = "<group>";
		};
		45FC26F51DBB569400E4C333 = {
			isa = PBXGroup;
			children = (
				45FC27001DBB569500E4C333 /* FTHFoodTechHack */,
				45FC27181DBB569500E4C333 /* FTHFoodTechHackTests */,
				45FC27231DBB569500E4C333 /* FTHFoodTechHackUITests */,
				45FC26FF1DBB569500E4C333 /* Products */,
				DA5A0268F7802B76C4DF8703 /* Pods */,
				1540B034449F35BB00E005A1 /* Frameworks */,
			);
			sourceTree = "<group>";
		};
		45FC26FF1DBB569500E4C333 /* Products */ = {
			isa = PBXGroup;
			children = (
				45FC26FE1DBB569500E4C333 /* FTHFoodTechHack.app */,
				45FC27151DBB569500E4C333 /* FTHFoodTechHackTests.xctest */,
				45FC27201DBB569500E4C333 /* FTHFoodTechHackUITests.xctest */,
			);
			name = Products;
			sourceTree = "<group>";
		};
		45FC27001DBB569500E4C333 /* FTHFoodTechHack */ = {
			isa = PBXGroup;
			children = (
				45FC27011DBB569500E4C333 /* AppDelegate.swift */,
				45FC27031DBB569500E4C333 /* ViewController.swift */,
				45FC27051DBB569500E4C333 /* Main.storyboard */,
				45366A021DBEEFFA00E1974B /* FTHAddChildViewController.swift */,
				45FC273C1DBC51D400E4C333 /* FTHRecommendViewController.swift */,
				45FC27361DBB7B6A00E4C333 /* FTHSeeUIViewController.swift */,
				45FC273A1DBC4F2F00E4C333 /* FTHAddViewController.swift */,
				453D5C111DC4ABF30077F26F /* FTHConfirmationViewController.swift */,
				45FC27381DBC472600E4C333 /* FTHRefrigeratorModel.swift */,
				45FC273E1DBC52D600E4C333 /* FTHFoodModel.swift */,
				45124DF91DC510A7005854B1 /* RealmFood.swift */,
				45FC27421DBCC11E00E4C333 /* RealmSwift.framework */,
				45FC27401DBCC0D100E4C333 /* Realm.framework */,
				45FC270B1DBB569500E4C333 /* Assets.xcassets */,
				45FC270D1DBB569500E4C333 /* LaunchScreen.storyboard */,
				45FC27101DBB569500E4C333 /* Info.plist */,
				45FC27081DBB569500E4C333 /* FTHFoodTechHack.xcdatamodeld */,
				46D01AB21DC1D45F00775C94 /* BestBeforeDate.swift */,
				4684D13C1DC47E2B00684668 /* MyPlayground.playground */,
			);
			path = FTHFoodTechHack;
			sourceTree = "<group>";
		};
		45FC27181DBB569500E4C333 /* FTHFoodTechHackTests */ = {
			isa = PBXGroup;
			children = (
				45FC27191DBB569500E4C333 /* FTHFoodTechHackTests.swift */,
				45FC271B1DBB569500E4C333 /* Info.plist */,
			);
			path = FTHFoodTechHackTests;
			sourceTree = "<group>";
		};
		45FC27231DBB569500E4C333 /* FTHFoodTechHackUITests */ = {
			isa = PBXGroup;
			children = (
				45FC27241DBB569500E4C333 /* FTHFoodTechHackUITests.swift */,
				45FC27261DBB569500E4C333 /* Info.plist */,
			);
			path = FTHFoodTechHackUITests;
			sourceTree = "<group>";
		};
		DA5A0268F7802B76C4DF8703 /* Pods */ = {
			isa = PBXGroup;
			children = (
				FF7B56E898441DC5893CA2EB /* Pods-FTHFoodTechHack.debug.xcconfig */,
				1EC088FD278CFDBDA171FCB0 /* Pods-FTHFoodTechHack.release.xcconfig */,
				A8340AF54E6110FA8B4A79F0 /* Pods-FTHFoodTechHackTests.debug.xcconfig */,
				DA35D939A76A17702AACFCEA /* Pods-FTHFoodTechHackTests.release.xcconfig */,
				1DB872D551CC6EDCDF337A95 /* Pods-FTHFoodTechHackUITests.debug.xcconfig */,
				97A4A03148608FDBECEB2BFA /* Pods-FTHFoodTechHackUITests.release.xcconfig */,
			);
			name = Pods;
			sourceTree = "<group>";
		};
/* End PBXGroup section */

/* Begin PBXNativeTarget section */
		45FC26FD1DBB569400E4C333 /* FTHFoodTechHack */ = {
			isa = PBXNativeTarget;
			buildConfigurationList = 45FC27291DBB569500E4C333 /* Build configuration list for PBXNativeTarget "FTHFoodTechHack" */;
			buildPhases = (
				C7151B5831F071DDEBFFD248 /* [CP] Check Pods Manifest.lock */,
				45FC26FA1DBB569400E4C333 /* Sources */,
				45FC26FB1DBB569400E4C333 /* Frameworks */,
				45FC26FC1DBB569400E4C333 /* Resources */,
				45FC27461DBCC53C00E4C333 /* Embed Frameworks */,
				B7C0CF0E57EBE026FF864EB5 /* [CP] Embed Pods Frameworks */,
				3325E2255BEC8407FDAE5BEA /* [CP] Copy Pods Resources */,
			);
			buildRules = (
			);
			dependencies = (
			);
			name = FTHFoodTechHack;
			productName = FTHFoodTechHack;
			productReference = 45FC26FE1DBB569500E4C333 /* FTHFoodTechHack.app */;
			productType = "com.apple.product-type.application";
		};
		45FC27141DBB569500E4C333 /* FTHFoodTechHackTests */ = {
			isa = PBXNativeTarget;
			buildConfigurationList = 45FC272C1DBB569500E4C333 /* Build configuration list for PBXNativeTarget "FTHFoodTechHackTests" */;
			buildPhases = (
				858FC1F1F4E07743DC26AB80 /* [CP] Check Pods Manifest.lock */,
				45FC27111DBB569500E4C333 /* Sources */,
				45FC27121DBB569500E4C333 /* Frameworks */,
				45FC27131DBB569500E4C333 /* Resources */,
				C7B2FEFCFB87FDD3633E2B24 /* [CP] Embed Pods Frameworks */,
				3D271D2330A7CB847B67C66B /* [CP] Copy Pods Resources */,
			);
			buildRules = (
			);
			dependencies = (
				45FC27171DBB569500E4C333 /* PBXTargetDependency */,
			);
			name = FTHFoodTechHackTests;
			productName = FTHFoodTechHackTests;
			productReference = 45FC27151DBB569500E4C333 /* FTHFoodTechHackTests.xctest */;
			productType = "com.apple.product-type.bundle.unit-test";
		};
		45FC271F1DBB569500E4C333 /* FTHFoodTechHackUITests */ = {
			isa = PBXNativeTarget;
			buildConfigurationList = 45FC272F1DBB569500E4C333 /* Build configuration list for PBXNativeTarget "FTHFoodTechHackUITests" */;
			buildPhases = (
				66A08CA0C0B779EAC4610F4B /* [CP] Check Pods Manifest.lock */,
				45FC271C1DBB569500E4C333 /* Sources */,
				45FC271D1DBB569500E4C333 /* Frameworks */,
				45FC271E1DBB569500E4C333 /* Resources */,
				9FA58ADA705DBCECF8A6E2C2 /* [CP] Embed Pods Frameworks */,
				51B0998B08BB37B2801C98DD /* [CP] Copy Pods Resources */,
			);
			buildRules = (
			);
			dependencies = (
				45FC27221DBB569500E4C333 /* PBXTargetDependency */,
			);
			name = FTHFoodTechHackUITests;
			productName = FTHFoodTechHackUITests;
			productReference = 45FC27201DBB569500E4C333 /* FTHFoodTechHackUITests.xctest */;
			productType = "com.apple.product-type.bundle.ui-testing";
		};
/* End PBXNativeTarget section */

/* Begin PBXProject section */
		45FC26F61DBB569400E4C333 /* Project object */ = {
			isa = PBXProject;
			attributes = {
				LastSwiftUpdateCheck = 0730;
				LastUpgradeCheck = 0730;
				ORGANIZATIONNAME = "浅井紀子";
				TargetAttributes = {
					45FC26FD1DBB569400E4C333 = {
						CreatedOnToolsVersion = 7.3.1;
						DevelopmentTeam = 5U46YTKLU5;
						LastSwiftMigration = 0800;
					};
					45FC27141DBB569500E4C333 = {
						CreatedOnToolsVersion = 7.3.1;
						LastSwiftMigration = 0800;
						TestTargetID = 45FC26FD1DBB569400E4C333;
					};
					45FC271F1DBB569500E4C333 = {
						CreatedOnToolsVersion = 7.3.1;
						LastSwiftMigration = 0800;
						TestTargetID = 45FC26FD1DBB569400E4C333;
					};
				};
			};
			buildConfigurationList = 45FC26F91DBB569400E4C333 /* Build configuration list for PBXProject "FTHFoodTechHack" */;
			compatibilityVersion = "Xcode 3.2";
			developmentRegion = English;
			hasScannedForEncodings = 0;
			knownRegions = (
				en,
				Base,
			);
			mainGroup = 45FC26F51DBB569400E4C333;
			productRefGroup = 45FC26FF1DBB569500E4C333 /* Products */;
			projectDirPath = "";
			projectRoot = "";
			targets = (
				45FC26FD1DBB569400E4C333 /* FTHFoodTechHack */,
				45FC27141DBB569500E4C333 /* FTHFoodTechHackTests */,
				45FC271F1DBB569500E4C333 /* FTHFoodTechHackUITests */,
			);
		};
/* End PBXProject section */

/* Begin PBXResourcesBuildPhase section */
		45FC26FC1DBB569400E4C333 /* Resources */ = {
			isa = PBXResourcesBuildPhase;
			buildActionMask = 2147483647;
			files = (
				45FC270F1DBB569500E4C333 /* LaunchScreen.storyboard in Resources */,
				45FC270C1DBB569500E4C333 /* Assets.xcassets in Resources */,
				45FC27071DBB569500E4C333 /* Main.storyboard in Resources */,
			);
			runOnlyForDeploymentPostprocessing = 0;
		};
		45FC27131DBB569500E4C333 /* Resources */ = {
			isa = PBXResourcesBuildPhase;
			buildActionMask = 2147483647;
			files = (
			);
			runOnlyForDeploymentPostprocessing = 0;
		};
		45FC271E1DBB569500E4C333 /* Resources */ = {
			isa = PBXResourcesBuildPhase;
			buildActionMask = 2147483647;
			files = (
			);
			runOnlyForDeploymentPostprocessing = 0;
		};
/* End PBXResourcesBuildPhase section */

/* Begin PBXShellScriptBuildPhase section */
		3325E2255BEC8407FDAE5BEA /* [CP] Copy Pods Resources */ = {
			isa = PBXShellScriptBuildPhase;
			buildActionMask = 2147483647;
			files = (
			);
			inputPaths = (
			);
			name = "[CP] Copy Pods Resources";
			outputPaths = (
			);
			runOnlyForDeploymentPostprocessing = 0;
			shellPath = /bin/sh;
			shellScript = "\"${SRCROOT}/Pods/Target Support Files/Pods-FTHFoodTechHack/Pods-FTHFoodTechHack-resources.sh\"\n";
			showEnvVarsInLog = 0;
		};
		3D271D2330A7CB847B67C66B /* [CP] Copy Pods Resources */ = {
			isa = PBXShellScriptBuildPhase;
			buildActionMask = 2147483647;
			files = (
			);
			inputPaths = (
			);
			name = "[CP] Copy Pods Resources";
			outputPaths = (
			);
			runOnlyForDeploymentPostprocessing = 0;
			shellPath = /bin/sh;
			shellScript = "\"${SRCROOT}/Pods/Target Support Files/Pods-FTHFoodTechHackTests/Pods-FTHFoodTechHackTests-resources.sh\"\n";
			showEnvVarsInLog = 0;
		};
		51B0998B08BB37B2801C98DD /* [CP] Copy Pods Resources */ = {
			isa = PBXShellScriptBuildPhase;
			buildActionMask = 2147483647;
			files = (
			);
			inputPaths = (
			);
			name = "[CP] Copy Pods Resources";
			outputPaths = (
			);
			runOnlyForDeploymentPostprocessing = 0;
			shellPath = /bin/sh;
			shellScript = "\"${SRCROOT}/Pods/Target Support Files/Pods-FTHFoodTechHackUITests/Pods-FTHFoodTechHackUITests-resources.sh\"\n";
			showEnvVarsInLog = 0;
		};
		66A08CA0C0B779EAC4610F4B /* [CP] Check Pods Manifest.lock */ = {
			isa = PBXShellScriptBuildPhase;
			buildActionMask = 2147483647;
			files = (
			);
			inputPaths = (
			);
			name = "[CP] Check Pods Manifest.lock";
			outputPaths = (
			);
			runOnlyForDeploymentPostprocessing = 0;
			shellPath = /bin/sh;
			shellScript = "diff \"${PODS_ROOT}/../Podfile.lock\" \"${PODS_ROOT}/Manifest.lock\" > /dev/null\nif [ $? != 0 ] ; then\n    # print error to STDERR\n    echo \"error: The sandbox is not in sync with the Podfile.lock. Run 'pod install' or update your CocoaPods installation.\" >&2\n    exit 1\nfi\n";
			showEnvVarsInLog = 0;
		};
		858FC1F1F4E07743DC26AB80 /* [CP] Check Pods Manifest.lock */ = {
			isa = PBXShellScriptBuildPhase;
			buildActionMask = 2147483647;
			files = (
			);
			inputPaths = (
			);
			name = "[CP] Check Pods Manifest.lock";
			outputPaths = (
			);
			runOnlyForDeploymentPostprocessing = 0;
			shellPath = /bin/sh;
			shellScript = "diff \"${PODS_ROOT}/../Podfile.lock\" \"${PODS_ROOT}/Manifest.lock\" > /dev/null\nif [ $? != 0 ] ; then\n    # print error to STDERR\n    echo \"error: The sandbox is not in sync with the Podfile.lock. Run 'pod install' or update your CocoaPods installation.\" >&2\n    exit 1\nfi\n";
			showEnvVarsInLog = 0;
		};
		9FA58ADA705DBCECF8A6E2C2 /* [CP] Embed Pods Frameworks */ = {
			isa = PBXShellScriptBuildPhase;
			buildActionMask = 2147483647;
			files = (
			);
			inputPaths = (
			);
			name = "[CP] Embed Pods Frameworks";
			outputPaths = (
			);
			runOnlyForDeploymentPostprocessing = 0;
			shellPath = /bin/sh;
			shellScript = "\"${SRCROOT}/Pods/Target Support Files/Pods-FTHFoodTechHackUITests/Pods-FTHFoodTechHackUITests-frameworks.sh\"\n";
			showEnvVarsInLog = 0;
		};
		B7C0CF0E57EBE026FF864EB5 /* [CP] Embed Pods Frameworks */ = {
			isa = PBXShellScriptBuildPhase;
			buildActionMask = 2147483647;
			files = (
			);
			inputPaths = (
			);
			name = "[CP] Embed Pods Frameworks";
			outputPaths = (
			);
			runOnlyForDeploymentPostprocessing = 0;
			shellPath = /bin/sh;
			shellScript = "\"${SRCROOT}/Pods/Target Support Files/Pods-FTHFoodTechHack/Pods-FTHFoodTechHack-frameworks.sh\"\n";
			showEnvVarsInLog = 0;
		};
		C7151B5831F071DDEBFFD248 /* [CP] Check Pods Manifest.lock */ = {
			isa = PBXShellScriptBuildPhase;
			buildActionMask = 2147483647;
			files = (
			);
			inputPaths = (
			);
			name = "[CP] Check Pods Manifest.lock";
			outputPaths = (
			);
			runOnlyForDeploymentPostprocessing = 0;
			shellPath = /bin/sh;
			shellScript = "diff \"${PODS_ROOT}/../Podfile.lock\" \"${PODS_ROOT}/Manifest.lock\" > /dev/null\nif [ $? != 0 ] ; then\n    # print error to STDERR\n    echo \"error: The sandbox is not in sync with the Podfile.lock. Run 'pod install' or update your CocoaPods installation.\" >&2\n    exit 1\nfi\n";
			showEnvVarsInLog = 0;
		};
		C7B2FEFCFB87FDD3633E2B24 /* [CP] Embed Pods Frameworks */ = {
			isa = PBXShellScriptBuildPhase;
			buildActionMask = 2147483647;
			files = (
			);
			inputPaths = (
			);
			name = "[CP] Embed Pods Frameworks";
			outputPaths = (
			);
			runOnlyForDeploymentPostprocessing = 0;
			shellPath = /bin/sh;
			shellScript = "\"${SRCROOT}/Pods/Target Support Files/Pods-FTHFoodTechHackTests/Pods-FTHFoodTechHackTests-frameworks.sh\"\n";
			showEnvVarsInLog = 0;
		};
/* End PBXShellScriptBuildPhase section */

/* Begin PBXSourcesBuildPhase section */
		45FC26FA1DBB569400E4C333 /* Sources */ = {
			isa = PBXSourcesBuildPhase;
			buildActionMask = 2147483647;
			files = (
				46DC79431DC4FA45003D0CDD /* BestBeforeDate.swift in Sources */,
				45FC273F1DBC52D600E4C333 /* FTHFoodModel.swift in Sources */,
				45FC270A1DBB569500E4C333 /* FTHFoodTechHack.xcdatamodeld in Sources */,
				45366A031DBEEFFA00E1974B /* FTHAddChildViewController.swift in Sources */,
				45FC27041DBB569500E4C333 /* ViewController.swift in Sources */,
				45FC27391DBC472600E4C333 /* FTHRefrigeratorModel.swift in Sources */,
				45FC27021DBB569500E4C333 /* AppDelegate.swift in Sources */,
				453D5C121DC4ABF30077F26F /* FTHConfirmationViewController.swift in Sources */,
				45124DFA1DC510A7005854B1 /* RealmFood.swift in Sources */,
				45FC27371DBB7B6A00E4C333 /* FTHSeeUIViewController.swift in Sources */,
				45FC273B1DBC4F2F00E4C333 /* FTHAddViewController.swift in Sources */,
				45FC273D1DBC51D400E4C333 /* FTHRecommendViewController.swift in Sources */,
			);
			runOnlyForDeploymentPostprocessing = 0;
		};
		45FC27111DBB569500E4C333 /* Sources */ = {
			isa = PBXSourcesBuildPhase;
			buildActionMask = 2147483647;
			files = (
				45FC271A1DBB569500E4C333 /* FTHFoodTechHackTests.swift in Sources */,
			);
			runOnlyForDeploymentPostprocessing = 0;
		};
		45FC271C1DBB569500E4C333 /* Sources */ = {
			isa = PBXSourcesBuildPhase;
			buildActionMask = 2147483647;
			files = (
				45FC27251DBB569500E4C333 /* FTHFoodTechHackUITests.swift in Sources */,
			);
			runOnlyForDeploymentPostprocessing = 0;
		};
/* End PBXSourcesBuildPhase section */

/* Begin PBXTargetDependency section */
		45FC27171DBB569500E4C333 /* PBXTargetDependency */ = {
			isa = PBXTargetDependency;
			target = 45FC26FD1DBB569400E4C333 /* FTHFoodTechHack */;
			targetProxy = 45FC27161DBB569500E4C333 /* PBXContainerItemProxy */;
		};
		45FC27221DBB569500E4C333 /* PBXTargetDependency */ = {
			isa = PBXTargetDependency;
			target = 45FC26FD1DBB569400E4C333 /* FTHFoodTechHack */;
			targetProxy = 45FC27211DBB569500E4C333 /* PBXContainerItemProxy */;
		};
/* End PBXTargetDependency section */

/* Begin PBXVariantGroup section */
		45FC27051DBB569500E4C333 /* Main.storyboard */ = {
			isa = PBXVariantGroup;
			children = (
				45FC27061DBB569500E4C333 /* Base */,
			);
			name = Main.storyboard;
			sourceTree = "<group>";
		};
		45FC270D1DBB569500E4C333 /* LaunchScreen.storyboard */ = {
			isa = PBXVariantGroup;
			children = (
				45FC270E1DBB569500E4C333 /* Base */,
			);
			name = LaunchScreen.storyboard;
			sourceTree = "<group>";
		};
/* End PBXVariantGroup section */

/* Begin XCBuildConfiguration section */
		45FC27271DBB569500E4C333 /* Debug */ = {
			isa = XCBuildConfiguration;
			buildSettings = {
				ALWAYS_SEARCH_USER_PATHS = NO;
				CLANG_ANALYZER_NONNULL = YES;
				CLANG_CXX_LANGUAGE_STANDARD = "gnu++0x";
				CLANG_CXX_LIBRARY = "libc++";
				CLANG_ENABLE_MODULES = YES;
				CLANG_ENABLE_OBJC_ARC = YES;
				CLANG_WARN_BOOL_CONVERSION = YES;
				CLANG_WARN_CONSTANT_CONVERSION = YES;
				CLANG_WARN_DIRECT_OBJC_ISA_USAGE = YES_ERROR;
				CLANG_WARN_EMPTY_BODY = YES;
				CLANG_WARN_ENUM_CONVERSION = YES;
				CLANG_WARN_INT_CONVERSION = YES;
				CLANG_WARN_OBJC_ROOT_CLASS = YES_ERROR;
				CLANG_WARN_UNREACHABLE_CODE = YES;
				CLANG_WARN__DUPLICATE_METHOD_MATCH = YES;
				"CODE_SIGN_IDENTITY[sdk=iphoneos*]" = "iPhone Developer";
				COPY_PHASE_STRIP = NO;
				DEBUG_INFORMATION_FORMAT = dwarf;
				ENABLE_STRICT_OBJC_MSGSEND = YES;
				ENABLE_TESTABILITY = YES;
				GCC_C_LANGUAGE_STANDARD = gnu99;
				GCC_DYNAMIC_NO_PIC = NO;
				GCC_NO_COMMON_BLOCKS = YES;
				GCC_OPTIMIZATION_LEVEL = 0;
				GCC_PREPROCESSOR_DEFINITIONS = (
					"DEBUG=1",
					"$(inherited)",
				);
				GCC_WARN_64_TO_32_BIT_CONVERSION = YES;
				GCC_WARN_ABOUT_RETURN_TYPE = YES_ERROR;
				GCC_WARN_UNDECLARED_SELECTOR = YES;
				GCC_WARN_UNINITIALIZED_AUTOS = YES_AGGRESSIVE;
				GCC_WARN_UNUSED_FUNCTION = YES;
				GCC_WARN_UNUSED_VARIABLE = YES;
				IPHONEOS_DEPLOYMENT_TARGET = 9.3;
				MTL_ENABLE_DEBUG_INFO = YES;
				ONLY_ACTIVE_ARCH = YES;
				SDKROOT = iphoneos;
				SWIFT_OPTIMIZATION_LEVEL = "-Onone";
				TARGETED_DEVICE_FAMILY = "1,2";
			};
			name = Debug;
		};
		45FC27281DBB569500E4C333 /* Release */ = {
			isa = XCBuildConfiguration;
			buildSettings = {
				ALWAYS_SEARCH_USER_PATHS = NO;
				CLANG_ANALYZER_NONNULL = YES;
				CLANG_CXX_LANGUAGE_STANDARD = "gnu++0x";
				CLANG_CXX_LIBRARY = "libc++";
				CLANG_ENABLE_MODULES = YES;
				CLANG_ENABLE_OBJC_ARC = YES;
				CLANG_WARN_BOOL_CONVERSION = YES;
				CLANG_WARN_CONSTANT_CONVERSION = YES;
				CLANG_WARN_DIRECT_OBJC_ISA_USAGE = YES_ERROR;
				CLANG_WARN_EMPTY_BODY = YES;
				CLANG_WARN_ENUM_CONVERSION = YES;
				CLANG_WARN_INT_CONVERSION = YES;
				CLANG_WARN_OBJC_ROOT_CLASS = YES_ERROR;
				CLANG_WARN_UNREACHABLE_CODE = YES;
				CLANG_WARN__DUPLICATE_METHOD_MATCH = YES;
				"CODE_SIGN_IDENTITY[sdk=iphoneos*]" = "iPhone Developer";
				COPY_PHASE_STRIP = NO;
				DEBUG_INFORMATION_FORMAT = "dwarf-with-dsym";
				ENABLE_NS_ASSERTIONS = NO;
				ENABLE_STRICT_OBJC_MSGSEND = YES;
				GCC_C_LANGUAGE_STANDARD = gnu99;
				GCC_NO_COMMON_BLOCKS = YES;
				GCC_WARN_64_TO_32_BIT_CONVERSION = YES;
				GCC_WARN_ABOUT_RETURN_TYPE = YES_ERROR;
				GCC_WARN_UNDECLARED_SELECTOR = YES;
				GCC_WARN_UNINITIALIZED_AUTOS = YES_AGGRESSIVE;
				GCC_WARN_UNUSED_FUNCTION = YES;
				GCC_WARN_UNUSED_VARIABLE = YES;
				IPHONEOS_DEPLOYMENT_TARGET = 9.3;
				MTL_ENABLE_DEBUG_INFO = NO;
				SDKROOT = iphoneos;
				TARGETED_DEVICE_FAMILY = "1,2";
				VALIDATE_PRODUCT = YES;
			};
			name = Release;
		};
		45FC272A1DBB569500E4C333 /* Debug */ = {
			isa = XCBuildConfiguration;
			baseConfigurationReference = FF7B56E898441DC5893CA2EB /* Pods-FTHFoodTechHack.debug.xcconfig */;
			buildSettings = {
				ASSETCATALOG_COMPILER_APPICON_NAME = AppIcon;
				DEVELOPMENT_TEAM = 5U46YTKLU5;
				FRAMEWORK_SEARCH_PATHS = (
					"$(inherited)",
					"$(PROJECT_DIR)/FTHFoodTechHack",
				);
				INFOPLIST_FILE = FTHFoodTechHack/Info.plist;
				LD_RUNPATH_SEARCH_PATHS = "$(inherited) @executable_path/Frameworks";
				New_Setting = "";
				PRODUCT_BUNDLE_IDENTIFIER = akariasai.FTHFoodTechHack;
				PRODUCT_NAME = "$(TARGET_NAME)";
				SWIFT_VERSION = 3.0;
			};
			name = Debug;
		};
		45FC272B1DBB569500E4C333 /* Release */ = {
			isa = XCBuildConfiguration;
			baseConfigurationReference = 1EC088FD278CFDBDA171FCB0 /* Pods-FTHFoodTechHack.release.xcconfig */;
			buildSettings = {
				ASSETCATALOG_COMPILER_APPICON_NAME = AppIcon;
				DEVELOPMENT_TEAM = 5U46YTKLU5;
				FRAMEWORK_SEARCH_PATHS = (
					"$(inherited)",
					"$(PROJECT_DIR)/FTHFoodTechHack",
				);
				INFOPLIST_FILE = FTHFoodTechHack/Info.plist;
				LD_RUNPATH_SEARCH_PATHS = "$(inherited) @executable_path/Frameworks";
				New_Setting = "";
				PRODUCT_BUNDLE_IDENTIFIER = akariasai.FTHFoodTechHack;
				PRODUCT_NAME = "$(TARGET_NAME)";
				SWIFT_VERSION = 3.0;
			};
			name = Release;
		};
		45FC272D1DBB569500E4C333 /* Debug */ = {
			isa = XCBuildConfiguration;
			baseConfigurationReference = A8340AF54E6110FA8B4A79F0 /* Pods-FTHFoodTechHackTests.debug.xcconfig */;
			buildSettings = {
				BUNDLE_LOADER = "$(TEST_HOST)";
				INFOPLIST_FILE = FTHFoodTechHackTests/Info.plist;
				LD_RUNPATH_SEARCH_PATHS = "$(inherited) @executable_path/Frameworks @loader_path/Frameworks";
				PRODUCT_BUNDLE_IDENTIFIER = akariasai.FTHFoodTechHackTests;
				PRODUCT_NAME = "$(TARGET_NAME)";
				SWIFT_VERSION = 3.0;
				TEST_HOST = "$(BUILT_PRODUCTS_DIR)/FTHFoodTechHack.app/FTHFoodTechHack";
			};
			name = Debug;
		};
		45FC272E1DBB569500E4C333 /* Release */ = {
			isa = XCBuildConfiguration;
			baseConfigurationReference = DA35D939A76A17702AACFCEA /* Pods-FTHFoodTechHackTests.release.xcconfig */;
			buildSettings = {
				BUNDLE_LOADER = "$(TEST_HOST)";
				INFOPLIST_FILE = FTHFoodTechHackTests/Info.plist;
				LD_RUNPATH_SEARCH_PATHS = "$(inherited) @executable_path/Frameworks @loader_path/Frameworks";
				PRODUCT_BUNDLE_IDENTIFIER = akariasai.FTHFoodTechHackTests;
				PRODUCT_NAME = "$(TARGET_NAME)";
				SWIFT_VERSION = 3.0;
				TEST_HOST = "$(BUILT_PRODUCTS_DIR)/FTHFoodTechHack.app/FTHFoodTechHack";
			};
			name = Release;
		};
		45FC27301DBB569500E4C333 /* Debug */ = {
			isa = XCBuildConfiguration;
			baseConfigurationReference = 1DB872D551CC6EDCDF337A95 /* Pods-FTHFoodTechHackUITests.debug.xcconfig */;
			buildSettings = {
				INFOPLIST_FILE = FTHFoodTechHackUITests/Info.plist;
				LD_RUNPATH_SEARCH_PATHS = "$(inherited) @executable_path/Frameworks @loader_path/Frameworks";
				PRODUCT_BUNDLE_IDENTIFIER = akariasai.FTHFoodTechHackUITests;
				PRODUCT_NAME = "$(TARGET_NAME)";
				SWIFT_VERSION = 3.0;
				TEST_TARGET_NAME = FTHFoodTechHack;
			};
			name = Debug;
		};
		45FC27311DBB569500E4C333 /* Release */ = {
			isa = XCBuildConfiguration;
			baseConfigurationReference = 97A4A03148608FDBECEB2BFA /* Pods-FTHFoodTechHackUITests.release.xcconfig */;
			buildSettings = {
				INFOPLIST_FILE = FTHFoodTechHackUITests/Info.plist;
				LD_RUNPATH_SEARCH_PATHS = "$(inherited) @executable_path/Frameworks @loader_path/Frameworks";
				PRODUCT_BUNDLE_IDENTIFIER = akariasai.FTHFoodTechHackUITests;
				PRODUCT_NAME = "$(TARGET_NAME)";
				SWIFT_VERSION = 3.0;
				TEST_TARGET_NAME = FTHFoodTechHack;
			};
			name = Release;
		};
/* End XCBuildConfiguration section */

/* Begin XCConfigurationList section */
		45FC26F91DBB569400E4C333 /* Build configuration list for PBXProject "FTHFoodTechHack" */ = {
			isa = XCConfigurationList;
			buildConfigurations = (
				45FC27271DBB569500E4C333 /* Debug */,
				45FC27281DBB569500E4C333 /* Release */,
			);
			defaultConfigurationIsVisible = 0;
			defaultConfigurationName = Release;
		};
		45FC27291DBB569500E4C333 /* Build configuration list for PBXNativeTarget "FTHFoodTechHack" */ = {
			isa = XCConfigurationList;
			buildConfigurations = (
				45FC272A1DBB569500E4C333 /* Debug */,
				45FC272B1DBB569500E4C333 /* Release */,
			);
			defaultConfigurationIsVisible = 0;
			defaultConfigurationName = Release;
		};
		45FC272C1DBB569500E4C333 /* Build configuration list for PBXNativeTarget "FTHFoodTechHackTests" */ = {
			isa = XCConfigurationList;
			buildConfigurations = (
				45FC272D1DBB569500E4C333 /* Debug */,
				45FC272E1DBB569500E4C333 /* Release */,
			);
			defaultConfigurationIsVisible = 0;
			defaultConfigurationName = Release;
		};
		45FC272F1DBB569500E4C333 /* Build configuration list for PBXNativeTarget "FTHFoodTechHackUITests" */ = {
			isa = XCConfigurationList;
			buildConfigurations = (
				45FC27301DBB569500E4C333 /* Debug */,
				45FC27311DBB569500E4C333 /* Release */,
			);
			defaultConfigurationIsVisible = 0;
			defaultConfigurationName = Release;
		};
/* End XCConfigurationList section */

/* Begin XCVersionGroup section */
		45FC27081DBB569500E4C333 /* FTHFoodTechHack.xcdatamodeld */ = {
			isa = XCVersionGroup;
			children = (
				45FC27091DBB569500E4C333 /* FTHFoodTechHack.xcdatamodel */,
			);
			currentVersion = 45FC27091DBB569500E4C333 /* FTHFoodTechHack.xcdatamodel */;
			path = FTHFoodTechHack.xcdatamodeld;
			sourceTree = "<group>";
			versionGroupType = wrapper.xcdatamodel;
		};
/* End XCVersionGroup section */
	};
	rootObject = 45FC26F61DBB569400E4C333 /* Project object */;
}
